
Microsoft Visual Studio Solution File, Format Version 12.00
# Visual Studio 15
VisualStudioVersion = 15.0.26730.12
MinimumVisualStudioVersion = 10.0.40219.1
Project("{FAE04EC0-301F-11D3-BF4B-00C04F79EFBC}") = "PracticeTask4", "PracticeTask4\PracticeTask4.csproj", "{DD76C11B-A873-475D-851C-68608617A71E}"
EndProject
Global
	GlobalSection(SolutionConfigurationPlatforms) = preSolution
		Debug|Any CPU = Debug|Any CPU
		Release|Any CPU = Release|Any CPU
	EndGlobalSection
	GlobalSection(ProjectConfigurationPlatforms) = postSolution
		{DD76C11B-A873-475D-851C-68608617A71E}.Debug|Any CPU.ActiveCfg = Debug|Any CPU
		{DD76C11B-A873-475D-851C-68608617A71E}.Debug|Any CPU.Build.0 = Debug|Any CPU
		{DD76C11B-A873-475D-851C-68608617A71E}.Release|Any CPU.ActiveCfg = Release|Any CPU
		{DD76C11B-A873-475D-851C-68608617A71E}.Release|Any CPU.Build.0 = Release|Any CPU
	EndGlobalSection
	GlobalSection(SolutionProperties) = preSolution
		HideSolutionNode = FALSE
	EndGlobalSection
	GlobalSection(ExtensibilityGlobals) = postSolution
		SolutionGuid = {61FD3238-B379-45C1-B5F5-B59168427725}
	EndGlobalSection
EndGlobal
